{
  "name": "node-info",
  "version": "1.0.0",
  "lockfileVersion": 1,
  "requires": true,
  "dependencies": {
    "cookie": {
      "version": "0.4.1",
      "resolved": "https://registry.npmjs.org/cookie/-/cookie-0.4.1.tgz",
      "integrity": "sha512-ZwrFkGJxUR3EIoXtO+yVE69Eb7KlixbaeAWfBQB9vVsNn/o+Yw69gBWSSDK825hQNdN+wF8zELf3dFNl/kxkUA=="
    },
    "handlebars": {
      "version": "4.7.7",
      "resolved": "https://registry.npmjs.org/handlebars/-/handlebars-4.7.7.tgz",
      "integrity": "sha512-aAcXm5OAfE/8IXkcZvCepKU3VzW1/39Fb5ZuqMtgI/hT8X2YgoMvBY5dLhq/cpOvw7Lk1nK/UF71aLG/ZnVYRA==",
      "requires": {
        "minimist": "^1.2.5",
        "neo-async": "^2.6.0",
        "source-map": "^0.6.1",
        "uglify-js": "^3.1.4",
        "wordwrap": "^1.0.0"
      }
    },
    "humanize-duration": {
      "version": "3.23.1",
      "resolved": "https://registry.npmjs.org/humanize-duration/-/humanize-duration-3.23.1.tgz",
      "integrity": "sha512-aoOEkomAETmVuQyBx4E7/LfPlC9s8pAA/USl7vFRQpDjepo3aiyvFfOhtXSDqPowdBVPFUZ7onG/KyuolX0qPg=="
    },
    "minimist": {
      "version": "1.2.5",
      "resolved": "https://registry.npmjs.org/minimist/-/minimist-1.2.5.tgz",
      "integrity": "sha512-FM9nNUYrRBAELZQT3xeZQ7fmMOBg6nWNmJKTcgsJeaLstP/UODVpGsr5OhXhhXg6f+qtJ8uiZ+PUxkDWcgIXLw=="
    },
    "neo-async": {
      "version": "2.6.2",
      "resolved": "https://registry.npmjs.org/neo-async/-/neo-async-2.6.2.tgz",
      "integrity": "sha512-Yd3UES5mWCSqR+qNT93S3UoYUkqAZ9lLg8a7g9rimsWmYGK8cVToA4/sF3RrshdyV3sAGMXVUmpMYOw+dLpOuw=="
    },
    "nodejs-info": {
      "version": "1.2.1",
      "resolved": "https://registry.npmjs.org/nodejs-info/-/nodejs-info-1.2.1.tgz",
      "integrity": "sha512-OcffXi9fLHn//7+rCUA9dSb0fF8X+Q5iMNsZCRr/KSBWQsDId30ktqIDIs9AC77HbJm9VaPFTYveMdfRXzzBpg==",
      "requires": {
        "cookie": "^0.4.0",
        "handlebars": "^4.0.0",
        "humanize-duration": "^3.0.0",
        "prettysize": "2.0.0"
      }
    },
    "prettysize": {
      "version": "2.0.0",
      "resolved": "https://registry.npmjs.org/prettysize/-/prettysize-2.0.0.tgz",
      "integrity": "sha512-VVtxR7sOh0VsG8o06Ttq5TrI1aiZKmC+ClSn4eBPaNf4SHr5lzbYW+kYGX3HocBL/MfpVrRfFZ9V3vCbLaiplg=="
    },
    "source-map": {
      "version": "0.6.1",
      "resolved": "https://registry.npmjs.org/source-map/-/source-map-0.6.1.tgz",
      "integrity": "sha512-UjgapumWlbMhkBgzT7Ykc5YXUT46F0iKu8SGXq0bcwP5dz/h0Plj6enJqjz1Zbq2l5WaqYnrVbwWOWMyF3F47g=="
    },
    "uglify-js": {
      "version": "3.11.0",
      "resolved": "https://registry.npmjs.org/uglify-js/-/uglify-js-3.11.0.tgz",
      "integrity": "sha512-e1KQFRCpOxnrJsJVqDUCjURq+wXvIn7cK2sRAx9XL3HYLL9aezOP4Pb1+Y3/o693EPk111Yj2Q+IUXxcpHlygQ==",
      "optional": true
    },
    "wordwrap": {
      "version": "1.0.0",
      "resolved": "https://registry.npmjs.org/wordwrap/-/wordwrap-1.0.0.tgz",
      "integrity": "sha1-J1hIEIkUVqQXHI0CJkQa3pDLyus="
    }
  }
}
