{
  "name": "node-info",
  "version": "1.0.0",
  "lockfileVersion": 1,
  "requires": true,
  "dependencies": {
    "commander": {
      "version": "2.20.0",
      "resolved": "https://registry.npmjs.org/commander/-/commander-2.20.0.tgz",
      "integrity": "sha512-7j2y+40w61zy6YC2iRNpUe/NwhNyoXrYpHMrSunaMG64nRnaf96zO/KMQR4OyN/UnE5KLyEBnKHd4aG3rskjpQ==",
      "optional": true
    },
    "cookie": {
      "version": "0.3.1",
      "resolved": "https://registry.npmjs.org/cookie/-/cookie-0.3.1.tgz",
      "integrity": "sha1-5+Ch+e9DtMi6klxcWpboBtFoc7s="
    },
    "handlebars": {
      "version": "4.5.3",
      "resolved": "https://registry.npmjs.org/handlebars/-/handlebars-4.5.3.tgz",
      "integrity": "sha512-3yPecJoJHK/4c6aZhSvxOyG4vJKDshV36VHp0iVCDVh7o9w2vwi3NSnL2MMPj3YdduqaBcu7cGbggJQM0br9xA==",
      "requires": {
        "neo-async": "^2.6.0",
        "optimist": "^0.6.1",
        "source-map": "^0.6.1",
        "uglify-js": "^3.1.4"
      }
    },
    "humanize-duration": {
      "version": "3.20.1",
      "resolved": "https://registry.npmjs.org/humanize-duration/-/humanize-duration-3.20.1.tgz",
      "integrity": "sha512-r2FR5Tkwo482oDmoutbX22KLzmz83UlWD8KgfQuM+EvxxDS10m2tRgHsKU+M6nFxaDU72YCKmLKi3lYB0CPMnw=="
    },
    "minimist": {
      "version": "0.0.10",
      "resolved": "https://registry.npmjs.org/minimist/-/minimist-0.0.10.tgz",
      "integrity": "sha1-3j+YVD2/lggr5IrRoMfNqDYwHc8="
    },
    "neo-async": {
      "version": "2.6.1",
      "resolved": "https://registry.npmjs.org/neo-async/-/neo-async-2.6.1.tgz",
      "integrity": "sha512-iyam8fBuCUpWeKPGpaNMetEocMt364qkCsfL9JuhjXX6dRnguRVOfk2GZaDpPjcOKiiXCPINZC1GczQ7iTq3Zw=="
    },
    "nodejs-info": {
      "version": "1.2.0",
      "resolved": "https://registry.npmjs.org/nodejs-info/-/nodejs-info-1.2.0.tgz",
      "integrity": "sha512-luQKcd4ipyiCtu9jnnvqrcq7B8NbzbNqXaOM8JIRagJ2ZVFEsNfRe7WBznM2t/GivoZr4Bady1JkaiZNk8/DYQ==",
      "requires": {
        "cookie": "^0.3.1",
        "handlebars": "^4.0.12",
        "humanize-duration": "^3.15.3",
        "prettysize": "1.1.0"
      }
    },
    "optimist": {
      "version": "0.6.1",
      "resolved": "https://registry.npmjs.org/optimist/-/optimist-0.6.1.tgz",
      "integrity": "sha1-2j6nRob6IaGaERwybpDrFaAZZoY=",
      "requires": {
        "minimist": "~0.0.1",
        "wordwrap": "~0.0.2"
      }
    },
    "prettysize": {
      "version": "1.1.0",
      "resolved": "https://registry.npmjs.org/prettysize/-/prettysize-1.1.0.tgz",
      "integrity": "sha512-U5Noa+FYV1dGkICyLJz8IWlDUehPF4Bk9tZRO8YqPhLA9EoiHuFqtnpWY2mvMjHh5eOLo82HipeLn4RIiSsGqQ=="
    },
    "source-map": {
      "version": "0.6.1",
      "resolved": "https://registry.npmjs.org/source-map/-/source-map-0.6.1.tgz",
      "integrity": "sha512-UjgapumWlbMhkBgzT7Ykc5YXUT46F0iKu8SGXq0bcwP5dz/h0Plj6enJqjz1Zbq2l5WaqYnrVbwWOWMyF3F47g=="
    },
    "uglify-js": {
      "version": "3.6.0",
      "resolved": "https://registry.npmjs.org/uglify-js/-/uglify-js-3.6.0.tgz",
      "integrity": "sha512-W+jrUHJr3DXKhrsS7NUVxn3zqMOFn0hL/Ei6v0anCIMoKC93TjcflTagwIHLW7SfMFfiQuktQyFVCFHGUE0+yg==",
      "optional": true,
      "requires": {
        "commander": "~2.20.0",
        "source-map": "~0.6.1"
      }
    },
    "wordwrap": {
      "version": "0.0.3",
      "resolved": "https://registry.npmjs.org/wordwrap/-/wordwrap-0.0.3.tgz",
      "integrity": "sha1-o9XabNXAvAAI03I0u68b7WMFkQc="
    }
  }
}
